
Microsoft Visual Studio Solution File, Format Version 12.00
# Visual Studio Version 17
VisualStudioVersion = 17.6.33815.320
MinimumVisualStudioVersion = 10.0.40219.1
Project("{FAE04EC0-301F-11D3-BF4B-00C04F79EFBC}") = "Assignment19", "Assignment19.csproj", "{CEBE456B-5771-46F9-9956-E3763C80E6EC}"
EndProject
Global
	GlobalSection(SolutionConfigurationPlatforms) = preSolution
		Debug|Any CPU = Debug|Any CPU
		Release|Any CPU = Release|Any CPU
	EndGlobalSection
	GlobalSection(ProjectConfigurationPlatforms) = postSolution
		{CEBE456B-5771-46F9-9956-E3763C80E6EC}.Debug|Any CPU.ActiveCfg = Debug|Any CPU
		{CEBE456B-5771-46F9-9956-E3763C80E6EC}.Debug|Any CPU.Build.0 = Debug|Any CPU
		{CEBE456B-5771-46F9-9956-E3763C80E6EC}.Release|Any CPU.ActiveCfg = Release|Any CPU
		{CEBE456B-5771-46F9-9956-E3763C80E6EC}.Release|Any CPU.Build.0 = Release|Any CPU
	EndGlobalSection
	GlobalSection(SolutionProperties) = preSolution
		HideSolutionNode = FALSE
	EndGlobalSection
	GlobalSection(ExtensibilityGlobals) = postSolution
		SolutionGuid = {F1F7EF44-3972-4FE8-AFAD-FF0FC36FE0A7}
	EndGlobalSection
EndGlobal
